
Microsoft Visual Studio Solution File, Format Version 12.00
# Visual Studio Version 17
VisualStudioVersion = 17.9.34728.123
MinimumVisualStudioVersion = 10.0.40219.1
Project("{FAE04EC0-301F-11D3-BF4B-00C04F79EFBC}") = "Singleton", "Singleton\Singleton.csproj", "{7B56795A-F19E-4A1C-AB68-3DDFB648EC59}"
EndProject
Project("{FAE04EC0-301F-11D3-BF4B-00C04F79EFBC}") = "Prototype", "Prototype\Prototype.csproj", "{AA37F150-D36A-4CF5-B373-5ABA520BCF2D}"
EndProject
Project("{2150E333-8FDC-42A3-9474-1A3956D46DE8}") = "Creational patterns", "Creational patterns", "{C3EBC87F-3646-4CF7-B9D2-A881CB817133}"
EndProject
Project("{FAE04EC0-301F-11D3-BF4B-00C04F79EFBC}") = "Builder", "Builder\Builder.csproj", "{7B4EEECF-CF98-479B-8995-B7C4DE4B7936}"
EndProject
Global
	GlobalSection(SolutionConfigurationPlatforms) = preSolution
		Debug|Any CPU = Debug|Any CPU
		Release|Any CPU = Release|Any CPU
	EndGlobalSection
	GlobalSection(ProjectConfigurationPlatforms) = postSolution
		{7B56795A-F19E-4A1C-AB68-3DDFB648EC59}.Debug|Any CPU.ActiveCfg = Debug|Any CPU
		{7B56795A-F19E-4A1C-AB68-3DDFB648EC59}.Debug|Any CPU.Build.0 = Debug|Any CPU
		{7B56795A-F19E-4A1C-AB68-3DDFB648EC59}.Release|Any CPU.ActiveCfg = Release|Any CPU
		{7B56795A-F19E-4A1C-AB68-3DDFB648EC59}.Release|Any CPU.Build.0 = Release|Any CPU
		{AA37F150-D36A-4CF5-B373-5ABA520BCF2D}.Debug|Any CPU.ActiveCfg = Debug|Any CPU
		{AA37F150-D36A-4CF5-B373-5ABA520BCF2D}.Debug|Any CPU.Build.0 = Debug|Any CPU
		{AA37F150-D36A-4CF5-B373-5ABA520BCF2D}.Release|Any CPU.ActiveCfg = Release|Any CPU
		{AA37F150-D36A-4CF5-B373-5ABA520BCF2D}.Release|Any CPU.Build.0 = Release|Any CPU
		{7B4EEECF-CF98-479B-8995-B7C4DE4B7936}.Debug|Any CPU.ActiveCfg = Debug|Any CPU
		{7B4EEECF-CF98-479B-8995-B7C4DE4B7936}.Debug|Any CPU.Build.0 = Debug|Any CPU
		{7B4EEECF-CF98-479B-8995-B7C4DE4B7936}.Release|Any CPU.ActiveCfg = Release|Any CPU
		{7B4EEECF-CF98-479B-8995-B7C4DE4B7936}.Release|Any CPU.Build.0 = Release|Any CPU
	EndGlobalSection
	GlobalSection(SolutionProperties) = preSolution
		HideSolutionNode = FALSE
	EndGlobalSection
	GlobalSection(NestedProjects) = preSolution
		{7B56795A-F19E-4A1C-AB68-3DDFB648EC59} = {C3EBC87F-3646-4CF7-B9D2-A881CB817133}
		{AA37F150-D36A-4CF5-B373-5ABA520BCF2D} = {C3EBC87F-3646-4CF7-B9D2-A881CB817133}
		{7B4EEECF-CF98-479B-8995-B7C4DE4B7936} = {C3EBC87F-3646-4CF7-B9D2-A881CB817133}
	EndGlobalSection
	GlobalSection(ExtensibilityGlobals) = postSolution
		SolutionGuid = {E4EA546A-54E4-4D0E-9F65-8FAD348829D6}
	EndGlobalSection
EndGlobal
